{
  "projects": [
    {
      "projectId": "6t8zkvgddX7FsFBrxzeJqm",
      "version": "7.1.0",
      "dependencies": {},
      "lang": "ts",
      "fileLocks": [
        {
          "type": "globalVariant",
          "assetId": "uBXExPHzRUYf",
          "checksum": "82a5836b99e8f2c909214e556584d98d"
        },
        {
          "assetId": "6t8zkvgddX7FsFBrxzeJqm",
          "type": "projectCss",
          "checksum": "d430bfe7cc48a5954b7ac0bb400c07ea"
        },
        {
          "type": "renderModule",
          "assetId": "6jpY3MwLkh",
          "checksum": "92edd4077218289d5a537f842067588a"
        },
        {
          "type": "cssRules",
          "assetId": "6jpY3MwLkh",
          "checksum": "92edd4077218289d5a537f842067588a"
        },
        {
          "type": "renderModule",
          "assetId": "TDdz7fKUxCx",
          "checksum": "5d6c93c3e809d6126663b638ec2b0c75"
        },
        {
          "type": "cssRules",
          "assetId": "TDdz7fKUxCx",
          "checksum": "5d6c93c3e809d6126663b638ec2b0c75"
        },
        {
          "type": "renderModule",
          "assetId": "uyNuy-uGsrz",
          "checksum": "97d58f3822ad609a0a8c9f4074103aa8"
        },
        {
          "type": "cssRules",
          "assetId": "uyNuy-uGsrz",
          "checksum": "97d58f3822ad609a0a8c9f4074103aa8"
        },
        {
          "type": "renderModule",
          "assetId": "CU3dlJe3Dj",
          "checksum": "4c71375d8000b69617817733abd3d63e"
        },
        {
          "type": "cssRules",
          "assetId": "CU3dlJe3Dj",
          "checksum": "4c71375d8000b69617817733abd3d63e"
        },
        {
          "type": "renderModule",
          "assetId": "042Y1f-_kh",
          "checksum": "14a7d60f2ddf00c7644814c48399f044"
        },
        {
          "type": "cssRules",
          "assetId": "042Y1f-_kh",
          "checksum": "14a7d60f2ddf00c7644814c48399f044"
        },
        {
          "type": "renderModule",
          "assetId": "SSE4essENl",
          "checksum": "124e2ffb835d023a59087786527cdeef"
        },
        {
          "type": "cssRules",
          "assetId": "SSE4essENl",
          "checksum": "124e2ffb835d023a59087786527cdeef"
        },
        {
          "type": "renderModule",
          "assetId": "ifuek07_pM",
          "checksum": "82430a99798bb029480c1f1d11cec98d"
        },
        {
          "type": "cssRules",
          "assetId": "ifuek07_pM",
          "checksum": "82430a99798bb029480c1f1d11cec98d"
        },
        {
          "type": "icon",
          "assetId": "5V8ENcyLww6",
          "checksum": "ca95b7b43acbfa0c3d632c1a3eece7af"
        },
        {
          "type": "icon",
          "assetId": "UJJfzR2-HAk",
          "checksum": "c522f25cabb1de4b65b7f9301be3c935"
        },
        {
          "type": "icon",
          "assetId": "fTX0IlX86B",
          "checksum": "33582df0ec6d09b739f97be951e516a1"
        },
        {
          "type": "icon",
          "assetId": "qjCCCln2A",
          "checksum": "9e02af79edfafbd9699d5d07c8fc816e"
        },
        {
          "type": "icon",
          "assetId": "o71rSGXGG",
          "checksum": "f6072e2240f4cf0b4f1542aa644b0eca"
        },
        {
          "type": "icon",
          "assetId": "qAdIjQfNiV",
          "checksum": "be259b2543e4124f5e1fd6b94df5d9de"
        },
        {
          "type": "icon",
          "assetId": "5WL9UWXccu",
          "checksum": "a1672c1d0a62ef662311676db0e57e65"
        },
        {
          "type": "icon",
          "assetId": "L-EHWHz59l",
          "checksum": "73e02f1de4201e1ce0ca9ca0bc4c2c11"
        },
        {
          "type": "icon",
          "assetId": "byFY0Hzc7R",
          "checksum": "dc6a3272b34ae1d259861f43885fa18b"
        },
        {
          "type": "icon",
          "assetId": "h2B9IBY35Y",
          "checksum": "6084ab503b8eb083c3fe3b85829b9752"
        },
        {
          "type": "icon",
          "assetId": "L1WlQ4kt9t",
          "checksum": "1cdf73e525194c8a4d07b6dead1408ae"
        },
        {
          "type": "image",
          "assetId": "9jUUPthJy",
          "checksum": "8065b4c17dcecd2795ce7b166fda220a"
        },
        {
          "type": "image",
          "assetId": "uC-Q9USL1",
          "checksum": "51fedf3f37139ce222a2f51e03be9c4b"
        },
        {
          "type": "image",
          "assetId": "c9vX7yanz",
          "checksum": "a575ecaa5e44e5d026957567a7c7755c"
        }
      ]
    },
    {
      "projectId": "viWxjihD78B5cQSNFM9rw3",
      "version": "latest",
      "dependencies": {
        "6t8zkvgddX7FsFBrxzeJqm": "7.1.0"
      },
      "lang": "ts",
      "fileLocks": [
        {
          "type": "globalVariant",
          "assetId": "jGrjipsxZS",
          "checksum": "e6c93978d5cfe9550ab5b3d2854cc150"
        },
        {
          "assetId": "viWxjihD78B5cQSNFM9rw3",
          "type": "projectCss",
          "checksum": "95d69ca7bb33a8b941c3c46753820a17"
        },
        {
          "type": "renderModule",
          "assetId": "w14lo9lxg7",
          "checksum": "463edbfa6be37d70a7ebeb98e11355e2"
        },
        {
          "type": "cssRules",
          "assetId": "w14lo9lxg7",
          "checksum": "463edbfa6be37d70a7ebeb98e11355e2"
        },
        {
          "type": "renderModule",
          "assetId": "--ZfzNn8OC",
          "checksum": "c47259f6a8567fc941c8abb645e2f077"
        },
        {
          "type": "cssRules",
          "assetId": "--ZfzNn8OC",
          "checksum": "c47259f6a8567fc941c8abb645e2f077"
        },
        {
          "type": "renderModule",
          "assetId": "MtxXWpesx0",
          "checksum": "e84786f0eff42b0f1e91dec06e9b5a2b"
        },
        {
          "type": "cssRules",
          "assetId": "MtxXWpesx0",
          "checksum": "e84786f0eff42b0f1e91dec06e9b5a2b"
        },
        {
          "type": "renderModule",
          "assetId": "5t5JdCfvIr",
          "checksum": "055276a9ec005f865e1396e5e672e666"
        },
        {
          "type": "cssRules",
          "assetId": "5t5JdCfvIr",
          "checksum": "055276a9ec005f865e1396e5e672e666"
        },
        {
          "type": "renderModule",
          "assetId": "l6YxUIqdpK",
          "checksum": "0e032be3e8b5b2418b5cf98317bfced2"
        },
        {
          "type": "cssRules",
          "assetId": "l6YxUIqdpK",
          "checksum": "0e032be3e8b5b2418b5cf98317bfced2"
        },
        {
          "type": "renderModule",
          "assetId": "qBMCobG68F",
          "checksum": "9da90e5131a527d80a63707f73278c1b"
        },
        {
          "type": "cssRules",
          "assetId": "qBMCobG68F",
          "checksum": "9da90e5131a527d80a63707f73278c1b"
        },
        {
          "type": "renderModule",
          "assetId": "mQG977DQnG",
          "checksum": "b556725aa1766736a3af49871adc5971"
        },
        {
          "type": "cssRules",
          "assetId": "mQG977DQnG",
          "checksum": "b556725aa1766736a3af49871adc5971"
        },
        {
          "type": "renderModule",
          "assetId": "c-9fUcXXRI",
          "checksum": "adb207b52886e7f6dc32fc7265cb2177"
        },
        {
          "type": "cssRules",
          "assetId": "c-9fUcXXRI",
          "checksum": "adb207b52886e7f6dc32fc7265cb2177"
        }
      ]
    }
  ],
  "cliVersion": "0.1.166"
}
